{
  "pins" : [
    {
      "identity" : "dcap-qvl-swift",
      "kind" : "remoteSourceControl",
      "location" : "https://github.com/Phala-Network/dcap-qvl-swift.git",
      "state" : {
        "revision" : "80a8a566b47035b43fd5990fc59527ac6d863472",
        "version" : "0.5.2"
      }
    },
    {
      "identity" : "swift-sodium",
      "kind" : "remoteSourceControl",
      "location" : "https://github.com/jedisct1/swift-sodium.git",
      "state" : {
        "revision" : "cfd195c76882aa9b997560ca7cb95d72fbf5db00",
        "version" : "0.11.0"
      }
    }
  ],
  "version" : 2
}
